// !$*UTF8*$!
{
	archiveVersion = 1;
	classes = {
	};
	objectVersion = 50;
	objects = {

/* Begin PBXBuildFile section */
		C9A80FC824BE34A80016F827 /* AppDelegate.swift in Sources */ = {isa = PBXBuildFile; fileRef = C9A80FC724BE34A80016F827 /* AppDelegate.swift */; };
		C9A80FCA24BE34A80016F827 /* SceneDelegate.swift in Sources */ = {isa = PBXBuildFile; fileRef = C9A80FC924BE34A80016F827 /* SceneDelegate.swift */; };
		C9A80FCC24BE34A80016F827 /* ViewController.swift in Sources */ = {isa = PBXBuildFile; fileRef = C9A80FCB24BE34A80016F827 /* ViewController.swift */; };
		C9A80FCF24BE34A80016F827 /* Main.storyboard in Resources */ = {isa = PBXBuildFile; fileRef = C9A80FCD24BE34A80016F827 /* Main.storyboard */; };
		C9A80FD224BE34A80016F827 /* accessingCamera.xcdatamodeld in Sources */ = {isa = PBXBuildFile; fileRef = C9A80FD024BE34A80016F827 /* accessingCamera.xcdatamodeld */; };
		C9A80FD424BE34A90016F827 /* Assets.xcassets in Resources */ = {isa = PBXBuildFile; fileRef = C9A80FD324BE34A90016F827 /* Assets.xcassets */; };
		C9A80FD724BE34A90016F827 /* LaunchScreen.storyboard in Resources */ = {isa = PBXBuildFile; fileRef = C9A80FD524BE34A90016F827 /* LaunchScreen.storyboard */; };
		C9A80FE224BE34A90016F827 /* accessingCameraTests.swift in Sources */ = {isa = PBXBuildFile; fileRef = C9A80FE124BE34A90016F827 /* accessingCameraTests.swift */; };
		C9A80FED24BE34A90016F827 /* accessingCameraUITests.swift in Sources */ = {isa = PBXBuildFile; fileRef = C9A80FEC24BE34A90016F827 /* accessingCameraUITests.swift */; };
/* End PBXBuildFile section */

/* Begin PBXContainerItemProxy section */
		C9A80FDE24BE34A90016F827 /* PBXContainerItemProxy */ = {
			isa = PBXContainerItemProxy;
			containerPortal = C9A80FBC24BE34A80016F827 /* Project object */;
			proxyType = 1;
			remoteGlobalIDString = C9A80FC324BE34A80016F827;
			remoteInfo = accessingCamera;
		};
		C9A80FE924BE34A90016F827 /* PBXContainerItemProxy */ = {
			isa = PBXContainerItemProxy;
			containerPortal = C9A80FBC24BE34A80016F827 /* Project object */;
			proxyType = 1;
			remoteGlobalIDString = C9A80FC324BE34A80016F827;
			remoteInfo = accessingCamera;
		};
/* End PBXContainerItemProxy section */

/* Begin PBXFileReference section */
		C9A80FC424BE34A80016F827 /* accessingCamera.app */ = {isa = PBXFileReference; explicitFileType = wrapper.application; includeInIndex = 0; path = accessingCamera.app; sourceTree = BUILT_PRODUCTS_DIR; };
		C9A80FC724BE34A80016F827 /* AppDelegate.swift */ = {isa = PBXFileReference; lastKnownFileType = sourcecode.swift; path = AppDelegate.swift; sourceTree = "<group>"; };
		C9A80FC924BE34A80016F827 /* SceneDelegate.swift */ = {isa = PBXFileReference; lastKnownFileType = sourcecode.swift; path = SceneDelegate.swift; sourceTree = "<group>"; };
		C9A80FCB24BE34A80016F827 /* ViewController.swift */ = {isa = PBXFileReference; lastKnownFileType = sourcecode.swift; path = ViewController.swift; sourceTree = "<group>"; };
		C9A80FCE24BE34A80016F827 /* Base */ = {isa = PBXFileReference; lastKnownFileType = file.storyboard; name = Base; path = Base.lproj/Main.storyboard; sourceTree = "<group>"; };
		C9A80FD124BE34A80016F827 /* accessingCamera.xcdatamodel */ = {isa = PBXFileReference; lastKnownFileType = wrapper.xcdatamodel; path = accessingCamera.xcdatamodel; sourceTree = "<group>"; };
		C9A80FD324BE34A90016F827 /* Assets.xcassets */ = {isa = PBXFileReference; lastKnownFileType = folder.assetcatalog; path = Assets.xcassets; sourceTree = "<group>"; };
		C9A80FD624BE34A90016F827 /* Base */ = {isa = PBXFileReference; lastKnownFileType = file.storyboard; name = Base; path = Base.lproj/LaunchScreen.storyboard; sourceTree = "<group>"; };
		C9A80FD824BE34A90016F827 /* Info.plist */ = {isa = PBXFileReference; lastKnownFileType = text.plist.xml; path = Info.plist; sourceTree = "<group>"; };
		C9A80FDD24BE34A90016F827 /* accessingCameraTests.xctest */ = {isa = PBXFileReference; explicitFileType = wrapper.cfbundle; includeInIndex = 0; path = accessingCameraTests.xctest; sourceTree = BUILT_PRODUCTS_DIR; };
		C9A80FE124BE34A90016F827 /* accessingCameraTests.swift */ = {isa = PBXFileReference; lastKnownFileType = sourcecode.swift; path = accessingCameraTests.swift; sourceTree = "<group>"; };
		C9A80FE324BE34A90016F827 /* Info.plist */ = {isa = PBXFileReference; lastKnownFileType = text.plist.xml; path = Info.plist; sourceTree = "<group>"; };
		C9A80FE824BE34A90016F827 /* accessingCameraUITests.xctest */ = {isa = PBXFileReference; explicitFileType = wrapper.cfbundle; includeInIndex = 0; path = accessingCameraUITests.xctest; sourceTree = BUILT_PRODUCTS_DIR; };
		C9A80FEC24BE34A90016F827 /* accessingCameraUITests.swift */ = {isa = PBXFileReference; lastKnownFileType = sourcecode.swift; path = accessingCameraUITests.swift; sourceTree = "<group>"; };
		C9A80FEE24BE34A90016F827 /* Info.plist */ = {isa = PBXFileReference; lastKnownFileType = text.plist.xml; path = Info.plist; sourceTree = "<group>"; };
/* End PBXFileReference section */

/* Begin PBXFrameworksBuildPhase section */
		C9A80FC124BE34A80016F827 /* Frameworks */ = {
			isa = PBXFrameworksBuildPhase;
			buildActionMask = 2147483647;
			files = (
			);
			runOnlyForDeploymentPostprocessing = 0;
		};
		C9A80FDA24BE34A90016F827 /* Frameworks */ = {
			isa = PBXFrameworksBuildPhase;
			buildActionMask = 2147483647;
			files = (
			);
			runOnlyForDeploymentPostprocessing = 0;
		};
		C9A80FE524BE34A90016F827 /* Frameworks */ = {
			isa = PBXFrameworksBuildPhase;
			buildActionMask = 2147483647;
			files = (
			);
			runOnlyForDeploymentPostprocessing = 0;
		};
/* End PBXFrameworksBuildPhase section */

/* Begin PBXGroup section */
		C9A80FBB24BE34A80016F827 = {
			isa = PBXGroup;
			children = (
				C9A80FC624BE34A80016F827 /* accessingCamera */,
				C9A80FE024BE34A90016F827 /* accessingCameraTests */,
				C9A80FEB24BE34A90016F827 /* accessingCameraUITests */,
				C9A80FC524BE34A80016F827 /* Products */,
			);
			sourceTree = "<group>";
		};
		C9A80FC524BE34A80016F827 /* Products */ = {
			isa = PBXGroup;
			children = (
				C9A80FC424BE34A80016F827 /* accessingCamera.app */,
				C9A80FDD24BE34A90016F827 /* accessingCameraTests.xctest */,
				C9A80FE824BE34A90016F827 /* accessingCameraUITests.xctest */,
			);
			name = Products;
			sourceTree = "<group>";
		};
		C9A80FC624BE34A80016F827 /* accessingCamera */ = {
			isa = PBXGroup;
			children = (
				C9A80FC724BE34A80016F827 /* AppDelegate.swift */,
				C9A80FC924BE34A80016F827 /* SceneDelegate.swift */,
				C9A80FCB24BE34A80016F827 /* ViewController.swift */,
				C9A80FCD24BE34A80016F827 /* Main.storyboard */,
				C9A80FD324BE34A90016F827 /* Assets.xcassets */,
				C9A80FD524BE34A90016F827 /* LaunchScreen.storyboard */,
				C9A80FD824BE34A90016F827 /* Info.plist */,
				C9A80FD024BE34A80016F827 /* accessingCamera.xcdatamodeld */,
			);
			path = accessingCamera;
			sourceTree = "<group>";
		};
		C9A80FE024BE34A90016F827 /* accessingCameraTests */ = {
			isa = PBXGroup;
			children = (
				C9A80FE124BE34A90016F827 /* accessingCameraTests.swift */,
				C9A80FE324BE34A90016F827 /* Info.plist */,
			);
			path = accessingCameraTests;
			sourceTree = "<group>";
		};
		C9A80FEB24BE34A90016F827 /* accessingCameraUITests */ = {
			isa = PBXGroup;
			children = (
				C9A80FEC24BE34A90016F827 /* accessingCameraUITests.swift */,
				C9A80FEE24BE34A90016F827 /* Info.plist */,
			);
			path = accessingCameraUITests;
			sourceTree = "<group>";
		};
/* End PBXGroup section */

/* Begin PBXNativeTarget section */
		C9A80FC324BE34A80016F827 /* accessingCamera */ = {
			isa = PBXNativeTarget;
			buildConfigurationList = C9A80FF124BE34A90016F827 /* Build configuration list for PBXNativeTarget "accessingCamera" */;
			buildPhases = (
				C9A80FC024BE34A80016F827 /* Sources */,
				C9A80FC124BE34A80016F827 /* Frameworks */,
				C9A80FC224BE34A80016F827 /* Resources */,
			);
			buildRules = (
			);
			dependencies = (
			);
			name = accessingCamera;
			productName = accessingCamera;
			productReference = C9A80FC424BE34A80016F827 /* accessingCamera.app */;
			productType = "com.apple.product-type.application";
		};
		C9A80FDC24BE34A90016F827 /* accessingCameraTests */ = {
			isa = PBXNativeTarget;
			buildConfigurationList = C9A80FF424BE34A90016F827 /* Build configuration list for PBXNativeTarget "accessingCameraTests" */;
			buildPhases = (
				C9A80FD924BE34A90016F827 /* Sources */,
				C9A80FDA24BE34A90016F827 /* Frameworks */,
				C9A80FDB24BE34A90016F827 /* Resources */,
			);
			buildRules = (
			);
			dependencies = (
				C9A80FDF24BE34A90016F827 /* PBXTargetDependency */,
			);
			name = accessingCameraTests;
			productName = accessingCameraTests;
			productReference = C9A80FDD24BE34A90016F827 /* accessingCameraTests.xctest */;
			productType = "com.apple.product-type.bundle.unit-test";
		};
		C9A80FE724BE34A90016F827 /* accessingCameraUITests */ = {
			isa = PBXNativeTarget;
			buildConfigurationList = C9A80FF724BE34A90016F827 /* Build configuration list for PBXNativeTarget "accessingCameraUITests" */;
			buildPhases = (
				C9A80FE424BE34A90016F827 /* Sources */,
				C9A80FE524BE34A90016F827 /* Frameworks */,
				C9A80FE624BE34A90016F827 /* Resources */,
			);
			buildRules = (
			);
			dependencies = (
				C9A80FEA24BE34A90016F827 /* PBXTargetDependency */,
			);
			name = accessingCameraUITests;
			productName = accessingCameraUITests;
			productReference = C9A80FE824BE34A90016F827 /* accessingCameraUITests.xctest */;
			productType = "com.apple.product-type.bundle.ui-testing";
		};
/* End PBXNativeTarget section */

/* Begin PBXProject section */
		C9A80FBC24BE34A80016F827 /* Project object */ = {
			isa = PBXProject;
			attributes = {
				LastSwiftUpdateCheck = 1150;
				LastUpgradeCheck = 1150;
				ORGANIZATIONNAME = "Jennie Pham";
				TargetAttributes = {
					C9A80FC324BE34A80016F827 = {
						CreatedOnToolsVersion = 11.5;
					};
					C9A80FDC24BE34A90016F827 = {
						CreatedOnToolsVersion = 11.5;
						TestTargetID = C9A80FC324BE34A80016F827;
					};
					C9A80FE724BE34A90016F827 = {
						CreatedOnToolsVersion = 11.5;
						TestTargetID = C9A80FC324BE34A80016F827;
					};
				};
			};
			buildConfigurationList = C9A80FBF24BE34A80016F827 /* Build configuration list for PBXProject "accessingCamera" */;
			compatibilityVersion = "Xcode 9.3";
			developmentRegion = en;
			hasScannedForEncodings = 0;
			knownRegions = (
				en,
				Base,
			);
			mainGroup = C9A80FBB24BE34A80016F827;
			productRefGroup = C9A80FC524BE34A80016F827 /* Products */;
			projectDirPath = "";
			projectRoot = "";
			targets = (
				C9A80FC324BE34A80016F827 /* accessingCamera */,
				C9A80FDC24BE34A90016F827 /* accessingCameraTests */,
				C9A80FE724BE34A90016F827 /* accessingCameraUITests */,
			);
		};
/* End PBXProject section */

/* Begin PBXResourcesBuildPhase section */
		C9A80FC224BE34A80016F827 /* Resources */ = {
			isa = PBXResourcesBuildPhase;
			buildActionMask = 2147483647;
			files = (
				C9A80FD724BE34A90016F827 /* LaunchScreen.storyboard in Resources */,
				C9A80FD424BE34A90016F827 /* Assets.xcassets in Resources */,
				C9A80FCF24BE34A80016F827 /* Main.storyboard in Resources */,
			);
			runOnlyForDeploymentPostprocessing = 0;
		};
		C9A80FDB24BE34A90016F827 /* Resources */ = {
			isa = PBXResourcesBuildPhase;
			buildActionMask = 2147483647;
			files = (
			);
			runOnlyForDeploymentPostprocessing = 0;
		};
		C9A80FE624BE34A90016F827 /* Resources */ = {
			isa = PBXResourcesBuildPhase;
			buildActionMask = 2147483647;
			files = (
			);
			runOnlyForDeploymentPostprocessing = 0;
		};
/* End PBXResourcesBuildPhase section */

/* Begin PBXSourcesBuildPhase section */
		C9A80FC024BE34A80016F827 /* Sources */ = {
			isa = PBXSourcesBuildPhase;
			buildActionMask = 2147483647;
			files = (
				C9A80FCC24BE34A80016F827 /* ViewController.swift in Sources */,
				C9A80FD224BE34A80016F827 /* accessingCamera.xcdatamodeld in Sources */,
				C9A80FC824BE34A80016F827 /* AppDelegate.swift in Sources */,
				C9A80FCA24BE34A80016F827 /* SceneDelegate.swift in Sources */,
			);
			runOnlyForDeploymentPostprocessing = 0;
		};
		C9A80FD924BE34A90016F827 /* Sources */ = {
			isa = PBXSourcesBuildPhase;
			buildActionMask = 2147483647;
			files = (
				C9A80FE224BE34A90016F827 /* accessingCameraTests.swift in Sources */,
			);
			runOnlyForDeploymentPostprocessing = 0;
		};
		C9A80FE424BE34A90016F827 /* Sources */ = {
			isa = PBXSourcesBuildPhase;
			buildActionMask = 2147483647;
			files = (
				C9A80FED24BE34A90016F827 /* accessingCameraUITests.swift in Sources */,
			);
			runOnlyForDeploymentPostprocessing = 0;
		};
/* End PBXSourcesBuildPhase section */

/* Begin PBXTargetDependency section */
		C9A80FDF24BE34A90016F827 /* PBXTargetDependency */ = {
			isa = PBXTargetDependency;
			target = C9A80FC324BE34A80016F827 /* accessingCamera */;
			targetProxy = C9A80FDE24BE34A90016F827 /* PBXContainerItemProxy */;
		};
		C9A80FEA24BE34A90016F827 /* PBXTargetDependency */ = {
			isa = PBXTargetDependency;
			target = C9A80FC324BE34A80016F827 /* accessingCamera */;
			targetProxy = C9A80FE924BE34A90016F827 /* PBXContainerItemProxy */;
		};
/* End PBXTargetDependency section */

/* Begin PBXVariantGroup section */
		C9A80FCD24BE34A80016F827 /* Main.storyboard */ = {
			isa = PBXVariantGroup;
			children = (
				C9A80FCE24BE34A80016F827 /* Base */,
			);
			name = Main.storyboard;
			sourceTree = "<group>";
		};
		C9A80FD524BE34A90016F827 /* LaunchScreen.storyboard */ = {
			isa = PBXVariantGroup;
			children = (
				C9A80FD624BE34A90016F827 /* Base */,
			);
			name = LaunchScreen.storyboard;
			sourceTree = "<group>";
		};
/* End PBXVariantGroup section */

/* Begin XCBuildConfiguration section */
		C9A80FEF24BE34A90016F827 /* Debug */ = {
			isa = XCBuildConfiguration;
			buildSettings = {
				ALWAYS_SEARCH_USER_PATHS = NO;
				CLANG_ANALYZER_NONNULL = YES;
				CLANG_ANALYZER_NUMBER_OBJECT_CONVERSION = YES_AGGRESSIVE;
				CLANG_CXX_LANGUAGE_STANDARD = "gnu++14";
				CLANG_CXX_LIBRARY = "libc++";
				CLANG_ENABLE_MODULES = YES;
				CLANG_ENABLE_OBJC_ARC = YES;
				CLANG_ENABLE_OBJC_WEAK = YES;
				CLANG_WARN_BLOCK_CAPTURE_AUTORELEASING = YES;
				CLANG_WARN_BOOL_CONVERSION = YES;
				CLANG_WARN_COMMA = YES;
				CLANG_WARN_CONSTANT_CONVERSION = YES;
				CLANG_WARN_DEPRECATED_OBJC_IMPLEMENTATIONS = YES;
				CLANG_WARN_DIRECT_OBJC_ISA_USAGE = YES_ERROR;
				CLANG_WARN_DOCUMENTATION_COMMENTS = YES;
				CLANG_WARN_EMPTY_BODY = YES;
				CLANG_WARN_ENUM_CONVERSION = YES;
				CLANG_WARN_INFINITE_RECURSION = YES;
				CLANG_WARN_INT_CONVERSION = YES;
				CLANG_WARN_NON_LITERAL_NULL_CONVERSION = YES;
				CLANG_WARN_OBJC_IMPLICIT_RETAIN_SELF = YES;
				CLANG_WARN_OBJC_LITERAL_CONVERSION = YES;
				CLANG_WARN_OBJC_ROOT_CLASS = YES_ERROR;
				CLANG_WARN_RANGE_LOOP_ANALYSIS = YES;
				CLANG_WARN_STRICT_PROTOTYPES = YES;
				CLANG_WARN_SUSPICIOUS_MOVE = YES;
				CLANG_WARN_UNGUARDED_AVAILABILITY = YES_AGGRESSIVE;
				CLANG_WARN_UNREACHABLE_CODE = YES;
				CLANG_WARN__DUPLICATE_METHOD_MATCH = YES;
				COPY_PHASE_STRIP = NO;
				DEBUG_INFORMATION_FORMAT = dwarf;
				ENABLE_STRICT_OBJC_MSGSEND = YES;
				ENABLE_TESTABILITY = YES;
				GCC_C_LANGUAGE_STANDARD = gnu11;
				GCC_DYNAMIC_NO_PIC = NO;
				GCC_NO_COMMON_BLOCKS = YES;
				GCC_OPTIMIZATION_LEVEL = 0;
				GCC_PREPROCESSOR_DEFINITIONS = (
					"DEBUG=1",
					"$(inherited)",
				);
				GCC_WARN_64_TO_32_BIT_CONVERSION = YES;
				GCC_WARN_ABOUT_RETURN_TYPE = YES_ERROR;
				GCC_WARN_UNDECLARED_SELECTOR = YES;
				GCC_WARN_UNINITIALIZED_AUTOS = YES_AGGRESSIVE;
				GCC_WARN_UNUSED_FUNCTION = YES;
				GCC_WARN_UNUSED_VARIABLE = YES;
				IPHONEOS_DEPLOYMENT_TARGET = 13.5;
				MTL_ENABLE_DEBUG_INFO = INCLUDE_SOURCE;
				MTL_FAST_MATH = YES;
				ONLY_ACTIVE_ARCH = YES;
				SDKROOT = iphoneos;
				SWIFT_ACTIVE_COMPILATION_CONDITIONS = DEBUG;
				SWIFT_OPTIMIZATION_LEVEL = "-Onone";
			};
			name = Debug;
		};
		C9A80FF024BE34A90016F827 /* Release */ = {
			isa = XCBuildConfiguration;
			buildSettings = {
				ALWAYS_SEARCH_USER_PATHS = NO;
				CLANG_ANALYZER_NONNULL = YES;
				CLANG_ANALYZER_NUMBER_OBJECT_CONVERSION = YES_AGGRESSIVE;
				CLANG_CXX_LANGUAGE_STANDARD = "gnu++14";
				CLANG_CXX_LIBRARY = "libc++";
				CLANG_ENABLE_MODULES = YES;
				CLANG_ENABLE_OBJC_ARC = YES;
				CLANG_ENABLE_OBJC_WEAK = YES;
				CLANG_WARN_BLOCK_CAPTURE_AUTORELEASING = YES;
				CLANG_WARN_BOOL_CONVERSION = YES;
				CLANG_WARN_COMMA = YES;
				CLANG_WARN_CONSTANT_CONVERSION = YES;
				CLANG_WARN_DEPRECATED_OBJC_IMPLEMENTATIONS = YES;
				CLANG_WARN_DIRECT_OBJC_ISA_USAGE = YES_ERROR;
				CLANG_WARN_DOCUMENTATION_COMMENTS = YES;
				CLANG_WARN_EMPTY_BODY = YES;
				CLANG_WARN_ENUM_CONVERSION = YES;
				CLANG_WARN_INFINITE_RECURSION = YES;
				CLANG_WARN_INT_CONVERSION = YES;
				CLANG_WARN_NON_LITERAL_NULL_CONVERSION = YES;
				CLANG_WARN_OBJC_IMPLICIT_RETAIN_SELF = YES;
				CLANG_WARN_OBJC_LITERAL_CONVERSION = YES;
				CLANG_WARN_OBJC_ROOT_CLASS = YES_ERROR;
				CLANG_WARN_RANGE_LOOP_ANALYSIS = YES;
				CLANG_WARN_STRICT_PROTOTYPES = YES;
				CLANG_WARN_SUSPICIOUS_MOVE = YES;
				CLANG_WARN_UNGUARDED_AVAILABILITY = YES_AGGRESSIVE;
				CLANG_WARN_UNREACHABLE_CODE = YES;
				CLANG_WARN__DUPLICATE_METHOD_MATCH = YES;
				COPY_PHASE_STRIP = NO;
				DEBUG_INFORMATION_FORMAT = "dwarf-with-dsym";
				ENABLE_NS_ASSERTIONS = NO;
				ENABLE_STRICT_OBJC_MSGSEND = YES;
				GCC_C_LANGUAGE_STANDARD = gnu11;
				GCC_NO_COMMON_BLOCKS = YES;
				GCC_WARN_64_TO_32_BIT_CONVERSION = YES;
				GCC_WARN_ABOUT_RETURN_TYPE = YES_ERROR;
				GCC_WARN_UNDECLARED_SELECTOR = YES;
				GCC_WARN_UNINITIALIZED_AUTOS = YES_AGGRESSIVE;
				GCC_WARN_UNUSED_FUNCTION = YES;
				GCC_WARN_UNUSED_VARIABLE = YES;
				IPHONEOS_DEPLOYMENT_TARGET = 13.5;
				MTL_ENABLE_DEBUG_INFO = NO;
				MTL_FAST_MATH = YES;
				SDKROOT = iphoneos;
				SWIFT_COMPILATION_MODE = wholemodule;
				SWIFT_OPTIMIZATION_LEVEL = "-O";
				VALIDATE_PRODUCT = YES;
			};
			name = Release;
		};
		C9A80FF224BE34A90016F827 /* Debug */ = {
			isa = XCBuildConfiguration;
			buildSettings = {
				ASSETCATALOG_COMPILER_APPICON_NAME = AppIcon;
				CODE_SIGN_STYLE = Automatic;
				INFOPLIST_FILE = accessingCamera/Info.plist;
				LD_RUNPATH_SEARCH_PATHS = (
					"$(inherited)",
					"@executable_path/Frameworks",
				);
				PRODUCT_BUNDLE_IDENTIFIER = jenniepham.accessingCamera;
				PRODUCT_NAME = "$(TARGET_NAME)";
				SWIFT_VERSION = 5.0;
				TARGETED_DEVICE_FAMILY = "1,2";
			};
			name = Debug;
		};
		C9A80FF324BE34A90016F827 /* Release */ = {
			isa = XCBuildConfiguration;
			buildSettings = {
				ASSETCATALOG_COMPILER_APPICON_NAME = AppIcon;
				CODE_SIGN_STYLE = Automatic;
				INFOPLIST_FILE = accessingCamera/Info.plist;
				LD_RUNPATH_SEARCH_PATHS = (
					"$(inherited)",
					"@executable_path/Frameworks",
				);
				PRODUCT_BUNDLE_IDENTIFIER = jenniepham.accessingCamera;
				PRODUCT_NAME = "$(TARGET_NAME)";
				SWIFT_VERSION = 5.0;
				TARGETED_DEVICE_FAMILY = "1,2";
			};
			name = Release;
		};
		C9A80FF524BE34A90016F827 /* Debug */ = {
			isa = XCBuildConfiguration;
			buildSettings = {
				ALWAYS_EMBED_SWIFT_STANDARD_LIBRARIES = YES;
				BUNDLE_LOADER = "$(TEST_HOST)";
				CODE_SIGN_STYLE = Automatic;
				INFOPLIST_FILE = accessingCameraTests/Info.plist;
				IPHONEOS_DEPLOYMENT_TARGET = 13.5;
				LD_RUNPATH_SEARCH_PATHS = (
					"$(inherited)",
					"@executable_path/Frameworks",
					"@loader_path/Frameworks",
				);
				PRODUCT_BUNDLE_IDENTIFIER = jenniepham.accessingCameraTests;
				PRODUCT_NAME = "$(TARGET_NAME)";
				SWIFT_VERSION = 5.0;
				TARGETED_DEVICE_FAMILY = "1,2";
				TEST_HOST = "$(BUILT_PRODUCTS_DIR)/accessingCamera.app/accessingCamera";
			};
			name = Debug;
		};
		C9A80FF624BE34A90016F827 /* Release */ = {
			isa = XCBuildConfiguration;
			buildSettings = {
				ALWAYS_EMBED_SWIFT_STANDARD_LIBRARIES = YES;
				BUNDLE_LOADER = "$(TEST_HOST)";
				CODE_SIGN_STYLE = Automatic;
				INFOPLIST_FILE = accessingCameraTests/Info.plist;
				IPHONEOS_DEPLOYMENT_TARGET = 13.5;
				LD_RUNPATH_SEARCH_PATHS = (
					"$(inherited)",
					"@executable_path/Frameworks",
					"@loader_path/Frameworks",
				);
				PRODUCT_BUNDLE_IDENTIFIER = jenniepham.accessingCameraTests;
				PRODUCT_NAME = "$(TARGET_NAME)";
				SWIFT_VERSION = 5.0;
				TARGETED_DEVICE_FAMILY = "1,2";
				TEST_HOST = "$(BUILT_PRODUCTS_DIR)/accessingCamera.app/accessingCamera";
			};
			name = Release;
		};
		C9A80FF824BE34A90016F827 /* Debug */ = {
			isa = XCBuildConfiguration;
			buildSettings = {
				ALWAYS_EMBED_SWIFT_STANDARD_LIBRARIES = YES;
				CODE_SIGN_STYLE = Automatic;
				INFOPLIST_FILE = accessingCameraUITests/Info.plist;
				LD_RUNPATH_SEARCH_PATHS = (
					"$(inherited)",
					"@executable_path/Frameworks",
					"@loader_path/Frameworks",
				);
				PRODUCT_BUNDLE_IDENTIFIER = jenniepham.accessingCameraUITests;
				PRODUCT_NAME = "$(TARGET_NAME)";
				SWIFT_VERSION = 5.0;
				TARGETED_DEVICE_FAMILY = "1,2";
				TEST_TARGET_NAME = accessingCamera;
			};
			name = Debug;
		};
		C9A80FF924BE34A90016F827 /* Release */ = {
			isa = XCBuildConfiguration;
			buildSettings = {
				ALWAYS_EMBED_SWIFT_STANDARD_LIBRARIES = YES;
				CODE_SIGN_STYLE = Automatic;
				INFOPLIST_FILE = accessingCameraUITests/Info.plist;
				LD_RUNPATH_SEARCH_PATHS = (
					"$(inherited)",
					"@executable_path/Frameworks",
					"@loader_path/Frameworks",
				);
				PRODUCT_BUNDLE_IDENTIFIER = jenniepham.accessingCameraUITests;
				PRODUCT_NAME = "$(TARGET_NAME)";
				SWIFT_VERSION = 5.0;
				TARGETED_DEVICE_FAMILY = "1,2";
				TEST_TARGET_NAME = accessingCamera;
			};
			name = Release;
		};
/* End XCBuildConfiguration section */

/* Begin XCConfigurationList section */
		C9A80FBF24BE34A80016F827 /* Build configuration list for PBXProject "accessingCamera" */ = {
			isa = XCConfigurationList;
			buildConfigurations = (
				C9A80FEF24BE34A90016F827 /* Debug */,
				C9A80FF024BE34A90016F827 /* Release */,
			);
			defaultConfigurationIsVisible = 0;
			defaultConfigurationName = Release;
		};
		C9A80FF124BE34A90016F827 /* Build configuration list for PBXNativeTarget "accessingCamera" */ = {
			isa = XCConfigurationList;
			buildConfigurations = (
				C9A80FF224BE34A90016F827 /* Debug */,
				C9A80FF324BE34A90016F827 /* Release */,
			);
			defaultConfigurationIsVisible = 0;
			defaultConfigurationName = Release;
		};
		C9A80FF424BE34A90016F827 /* Build configuration list for PBXNativeTarget "accessingCameraTests" */ = {
			isa = XCConfigurationList;
			buildConfigurations = (
				C9A80FF524BE34A90016F827 /* Debug */,
				C9A80FF624BE34A90016F827 /* Release */,
			);
			defaultConfigurationIsVisible = 0;
			defaultConfigurationName = Release;
		};
		C9A80FF724BE34A90016F827 /* Build configuration list for PBXNativeTarget "accessingCameraUITests" */ = {
			isa = XCConfigurationList;
			buildConfigurations = (
				C9A80FF824BE34A90016F827 /* Debug */,
				C9A80FF924BE34A90016F827 /* Release */,
			);
			defaultConfigurationIsVisible = 0;
			defaultConfigurationName = Release;
		};
/* End XCConfigurationList section */

/* Begin XCVersionGroup section */
		C9A80FD024BE34A80016F827 /* accessingCamera.xcdatamodeld */ = {
			isa = XCVersionGroup;
			children = (
				C9A80FD124BE34A80016F827 /* accessingCamera.xcdatamodel */,
			);
			currentVersion = C9A80FD124BE34A80016F827 /* accessingCamera.xcdatamodel */;
			path = accessingCamera.xcdatamodeld;
			sourceTree = "<group>";
			versionGroupType = wrapper.xcdatamodel;
		};
/* End XCVersionGroup section */
	};
	rootObject = C9A80FBC24BE34A80016F827 /* Project object */;
}
